PODS:
  - ADAlertController-swift (0.1.0)
  - FBSnapshotTestCase (2.1.4):
    - FBSnapshotTestCase/SwiftSupport (= 2.1.4)
  - FBSnapshotTestCase/Core (2.1.4)
  - FBSnapshotTestCase/SwiftSupport (2.1.4):
    - FBSnapshotTestCase/Core

DEPENDENCIES:
  - ADAlertController-swift (from `../`)
  - FBSnapshotTestCase (~> 2.1.4)

SPEC REPOS:
  trunk:
    - FBSnapshotTestCase

EXTERNAL SOURCES:
  ADAlertController-swift:
    :path: "../"

SPEC CHECKSUMS:
  ADAlertController-swift: 511933f9d3a2c2227be0ec2aadabaeef130db5db
  FBSnapshotTestCase: 094f9f314decbabe373b87cc339bea235a63e07a

PODFILE CHECKSUM: 8885747d7a889eacb323bb6d7565b3df2d138202

COCOAPODS: 1.10.1
