// !$*UTF8*$!
{
	archiveVersion = 1;
	classes = {
	};
	objectVersion = 51;
	objects = {

/* Begin PBXBuildFile section */
		18055EC8268EBE0700A0B667 /* ADAlertControllerPriorityQueue.swift in Sources */ = {isa = PBXBuildFile; fileRef = 18055EC7268EBE0700A0B667 /* ADAlertControllerPriorityQueue.swift */; };
		18055ED2268EBE6D00A0B667 /* ADAlertGroupAction.swift in Sources */ = {isa = PBXBuildFile; fileRef = 18055ED1268EBE6D00A0B667 /* ADAlertGroupAction.swift */; };
		18055ED7268EBE8200A0B667 /* ADScrollableGroupAction.swift in Sources */ = {isa = PBXBuildFile; fileRef = 18055ED6268EBE8200A0B667 /* ADScrollableGroupAction.swift */; };
		18055EF2268EC26000A0B667 /* ADActionSheetView.swift in Sources */ = {isa = PBXBuildFile; fileRef = 18055EEB268EC26000A0B667 /* ADActionSheetView.swift */; };
		18055EF3268EC26000A0B667 /* ADAlertView.swift in Sources */ = {isa = PBXBuildFile; fileRef = 18055EEC268EC26000A0B667 /* ADAlertView.swift */; };
		18055EF4268EC26000A0B667 /* ADAlertControllerViewProtocol.swift in Sources */ = {isa = PBXBuildFile; fileRef = 18055EED268EC26000A0B667 /* ADAlertControllerViewProtocol.swift */; };
		18055EF5268EC26000A0B667 /* ADAlertTitleLabel.swift in Sources */ = {isa = PBXBuildFile; fileRef = 18055EEF268EC26000A0B667 /* ADAlertTitleLabel.swift */; };
		18055EF6268EC26000A0B667 /* ADAlertButton.swift in Sources */ = {isa = PBXBuildFile; fileRef = 18055EF0268EC26000A0B667 /* ADAlertButton.swift */; };
		18055EF7268EC26000A0B667 /* ADAlertTextView.swift in Sources */ = {isa = PBXBuildFile; fileRef = 18055EF1268EC26000A0B667 /* ADAlertTextView.swift */; };
		18055F12268EC35300A0B667 /* ADAlertViewAlertStyleTransition.swift in Sources */ = {isa = PBXBuildFile; fileRef = 18055F11268EC35300A0B667 /* ADAlertViewAlertStyleTransition.swift */; };
		18055F17268EC35B00A0B667 /* ADAlertViewSheetStyleTransition.swift in Sources */ = {isa = PBXBuildFile; fileRef = 18055F16268EC35B00A0B667 /* ADAlertViewSheetStyleTransition.swift */; };
		18055F1C268EC36500A0B667 /* ADAlertControllerPresentationController.swift in Sources */ = {isa = PBXBuildFile; fileRef = 18055F1B268EC36500A0B667 /* ADAlertControllerPresentationController.swift */; };
		18055F21268EC37300A0B667 /* ADAlertControllerTransitionConst.swift in Sources */ = {isa = PBXBuildFile; fileRef = 18055F20268EC37300A0B667 /* ADAlertControllerTransitionConst.swift */; };
		18055F26268EC37B00A0B667 /* ADAlertViewAlertStyleTransitionProtocol.swift in Sources */ = {isa = PBXBuildFile; fileRef = 18055F25268EC37B00A0B667 /* ADAlertViewAlertStyleTransitionProtocol.swift */; };
		18055F2C2692C01C00A0B667 /* ADAlertTransitioningDelegate.swift in Sources */ = {isa = PBXBuildFile; fileRef = 18055F2B2692C01C00A0B667 /* ADAlertTransitioningDelegate.swift */; };
		18055F342692DF0700A0B667 /* ADAlertController+TransitioningDelegate.swift in Sources */ = {isa = PBXBuildFile; fileRef = 18055F332692DF0700A0B667 /* ADAlertController+TransitioningDelegate.swift */; };
		180FEFFF2682C3B100352621 /* AppDelegate.swift in Sources */ = {isa = PBXBuildFile; fileRef = 180FEFFE2682C3B100352621 /* AppDelegate.swift */; };
		180FF0032682C3B100352621 /* ViewController.swift in Sources */ = {isa = PBXBuildFile; fileRef = 180FF0022682C3B100352621 /* ViewController.swift */; };
		180FF0062682C3B100352621 /* Main.storyboard in Resources */ = {isa = PBXBuildFile; fileRef = 180FF0042682C3B100352621 /* Main.storyboard */; };
		180FF0082682C3B300352621 /* Assets.xcassets in Resources */ = {isa = PBXBuildFile; fileRef = 180FF0072682C3B300352621 /* Assets.xcassets */; };
		180FF00B2682C3B300352621 /* LaunchScreen.storyboard in Resources */ = {isa = PBXBuildFile; fileRef = 180FF0092682C3B300352621 /* LaunchScreen.storyboard */; };
		180FF0162682C3B300352621 /* ADAlertController_swiftTests.swift in Sources */ = {isa = PBXBuildFile; fileRef = 180FF0152682C3B300352621 /* ADAlertController_swiftTests.swift */; };
		180FF0212682C3B400352621 /* ADAlertController_swiftUITests.swift in Sources */ = {isa = PBXBuildFile; fileRef = 180FF0202682C3B400352621 /* ADAlertController_swiftUITests.swift */; };
		180FF0592682C67600352621 /* ADTabbarVC.swift in Sources */ = {isa = PBXBuildFile; fileRef = 180FF0582682C67600352621 /* ADTabbarVC.swift */; };
		180FF0612682CABB00352621 /* ADBaseTabBarVC.swift in Sources */ = {isa = PBXBuildFile; fileRef = 180FF0602682CABB00352621 /* ADBaseTabBarVC.swift */; };
		180FF0662682CAE800352621 /* ADBaseVC.swift in Sources */ = {isa = PBXBuildFile; fileRef = 180FF0652682CAE800352621 /* ADBaseVC.swift */; };
		180FF06C2682CCF300352621 /* ADFunctionTableVC.swift in Sources */ = {isa = PBXBuildFile; fileRef = 180FF06B2682CCF300352621 /* ADFunctionTableVC.swift */; };
		180FF0722682D46F00352621 /* ADClassVC.swift in Sources */ = {isa = PBXBuildFile; fileRef = 180FF0712682D46F00352621 /* ADClassVC.swift */; };
		18909799268415AA0003D894 /* ADBaseNavVC.swift in Sources */ = {isa = PBXBuildFile; fileRef = 18909798268415AA0003D894 /* ADBaseNavVC.swift */; };
		1890979E268415BF0003D894 /* ADNavVC.swift in Sources */ = {isa = PBXBuildFile; fileRef = 1890979D268415BF0003D894 /* ADNavVC.swift */; };
		189097A526841AA20003D894 /* ADBaseModel.swift in Sources */ = {isa = PBXBuildFile; fileRef = 189097A426841AA20003D894 /* ADBaseModel.swift */; };
		189097B226841C5B0003D894 /* ADFunctionModel.swift in Sources */ = {isa = PBXBuildFile; fileRef = 189097B126841C5B0003D894 /* ADFunctionModel.swift */; };
		189097CE268470320003D894 /* ADBaseView.swift in Sources */ = {isa = PBXBuildFile; fileRef = 189097CD268470320003D894 /* ADBaseView.swift */; };
		189097D3268470530003D894 /* ADBaseTableCell.swift in Sources */ = {isa = PBXBuildFile; fileRef = 189097D2268470530003D894 /* ADBaseTableCell.swift */; };
		189097D8268470680003D894 /* ADFunctionTableCell.swift in Sources */ = {isa = PBXBuildFile; fileRef = 189097D7268470680003D894 /* ADFunctionTableCell.swift */; };
		189097E826856A720003D894 /* ADAlertController.swift in Sources */ = {isa = PBXBuildFile; fileRef = 189097E726856A720003D894 /* ADAlertController.swift */; };
		18AED9D02685BBF100115D75 /* ADAlertControllerConfiguration.swift in Sources */ = {isa = PBXBuildFile; fileRef = 18AED9CF2685BBF100115D75 /* ADAlertControllerConfiguration.swift */; };
		18AED9D62685BC6800115D75 /* ADAlertWindow.swift in Sources */ = {isa = PBXBuildFile; fileRef = 18AED9D52685BC6800115D75 /* ADAlertWindow.swift */; };
		18AED9DF2685BD3E00115D75 /* ADAlertAction.swift in Sources */ = {isa = PBXBuildFile; fileRef = 18AED9DE2685BD3E00115D75 /* ADAlertAction.swift */; };
		18B4358B2696FDD4007826DB /* UIImage+ADImageExt.swift in Sources */ = {isa = PBXBuildFile; fileRef = 18B4358A2696FDD4007826DB /* UIImage+ADImageExt.swift */; };
		18B43593269704F5007826DB /* UIViewController+ADViewControllerExt.swift in Sources */ = {isa = PBXBuildFile; fileRef = 18B43592269704F5007826DB /* UIViewController+ADViewControllerExt.swift */; };
		18B435A1269711C3007826DB /* ADAlertViewConst.swift in Sources */ = {isa = PBXBuildFile; fileRef = 18B435A0269711C3007826DB /* ADAlertViewConst.swift */; };
		18B435A62697144A007826DB /* UIImage+ADButtonExt.swift in Sources */ = {isa = PBXBuildFile; fileRef = 18B435A52697144A007826DB /* UIImage+ADButtonExt.swift */; };
		18D6E5B72689ABDB00B37ACF /* ADAlertControllerConst.swift in Sources */ = {isa = PBXBuildFile; fileRef = 18D6E5B62689ABDB00B37ACF /* ADAlertControllerConst.swift */; };
		18E17C04268AC343002ED7DC /* ADAlertActionConfiguration.swift in Sources */ = {isa = PBXBuildFile; fileRef = 18E17C03268AC343002ED7DC /* ADAlertActionConfiguration.swift */; };
		396B03EA3CFC4BD0F38B41C2 /* Pods_ADAlertController_swift.framework in Frameworks */ = {isa = PBXBuildFile; fileRef = 1A80707300ED99A7086093BD /* Pods_ADAlertController_swift.framework */; };
/* End PBXBuildFile section */

/* Begin PBXContainerItemProxy section */
		180FF0122682C3B300352621 /* PBXContainerItemProxy */ = {
			isa = PBXContainerItemProxy;
			containerPortal = 180FEFF32682C3B100352621 /* Project object */;
			proxyType = 1;
			remoteGlobalIDString = 180FEFFA2682C3B100352621;
			remoteInfo = "ADAlertController-swift";
		};
		180FF01D2682C3B400352621 /* PBXContainerItemProxy */ = {
			isa = PBXContainerItemProxy;
			containerPortal = 180FEFF32682C3B100352621 /* Project object */;
			proxyType = 1;
			remoteGlobalIDString = 180FEFFA2682C3B100352621;
			remoteInfo = "ADAlertController-swift";
		};
/* End PBXContainerItemProxy section */

/* Begin PBXFileReference section */
		18055EC7268EBE0700A0B667 /* ADAlertControllerPriorityQueue.swift */ = {isa = PBXFileReference; lastKnownFileType = sourcecode.swift; path = ADAlertControllerPriorityQueue.swift; sourceTree = "<group>"; };
		18055ED1268EBE6D00A0B667 /* ADAlertGroupAction.swift */ = {isa = PBXFileReference; lastKnownFileType = sourcecode.swift; path = ADAlertGroupAction.swift; sourceTree = "<group>"; };
		18055ED6268EBE8200A0B667 /* ADScrollableGroupAction.swift */ = {isa = PBXFileReference; lastKnownFileType = sourcecode.swift; path = ADScrollableGroupAction.swift; sourceTree = "<group>"; };
		18055EEB268EC26000A0B667 /* ADActionSheetView.swift */ = {isa = PBXFileReference; fileEncoding = 4; lastKnownFileType = sourcecode.swift; path = ADActionSheetView.swift; sourceTree = "<group>"; };
		18055EEC268EC26000A0B667 /* ADAlertView.swift */ = {isa = PBXFileReference; fileEncoding = 4; lastKnownFileType = sourcecode.swift; path = ADAlertView.swift; sourceTree = "<group>"; };
		18055EED268EC26000A0B667 /* ADAlertControllerViewProtocol.swift */ = {isa = PBXFileReference; fileEncoding = 4; lastKnownFileType = sourcecode.swift; path = ADAlertControllerViewProtocol.swift; sourceTree = "<group>"; };
		18055EEF268EC26000A0B667 /* ADAlertTitleLabel.swift */ = {isa = PBXFileReference; fileEncoding = 4; lastKnownFileType = sourcecode.swift; path = ADAlertTitleLabel.swift; sourceTree = "<group>"; };
		18055EF0268EC26000A0B667 /* ADAlertButton.swift */ = {isa = PBXFileReference; fileEncoding = 4; lastKnownFileType = sourcecode.swift; path = ADAlertButton.swift; sourceTree = "<group>"; };
		18055EF1268EC26000A0B667 /* ADAlertTextView.swift */ = {isa = PBXFileReference; fileEncoding = 4; lastKnownFileType = sourcecode.swift; path = ADAlertTextView.swift; sourceTree = "<group>"; };
		18055F11268EC35300A0B667 /* ADAlertViewAlertStyleTransition.swift */ = {isa = PBXFileReference; lastKnownFileType = sourcecode.swift; path = ADAlertViewAlertStyleTransition.swift; sourceTree = "<group>"; };
		18055F16268EC35B00A0B667 /* ADAlertViewSheetStyleTransition.swift */ = {isa = PBXFileReference; lastKnownFileType = sourcecode.swift; path = ADAlertViewSheetStyleTransition.swift; sourceTree = "<group>"; };
		18055F1B268EC36500A0B667 /* ADAlertControllerPresentationController.swift */ = {isa = PBXFileReference; lastKnownFileType = sourcecode.swift; path = ADAlertControllerPresentationController.swift; sourceTree = "<group>"; };
		18055F20268EC37300A0B667 /* ADAlertControllerTransitionConst.swift */ = {isa = PBXFileReference; lastKnownFileType = sourcecode.swift; path = ADAlertControllerTransitionConst.swift; sourceTree = "<group>"; };
		18055F25268EC37B00A0B667 /* ADAlertViewAlertStyleTransitionProtocol.swift */ = {isa = PBXFileReference; lastKnownFileType = sourcecode.swift; path = ADAlertViewAlertStyleTransitionProtocol.swift; sourceTree = "<group>"; };
		18055F2B2692C01C00A0B667 /* ADAlertTransitioningDelegate.swift */ = {isa = PBXFileReference; lastKnownFileType = sourcecode.swift; path = ADAlertTransitioningDelegate.swift; sourceTree = "<group>"; };
		18055F332692DF0700A0B667 /* ADAlertController+TransitioningDelegate.swift */ = {isa = PBXFileReference; lastKnownFileType = sourcecode.swift; path = "ADAlertController+TransitioningDelegate.swift"; sourceTree = "<group>"; };
		180FEFFB2682C3B100352621 /* ADAlertController-swift.app */ = {isa = PBXFileReference; explicitFileType = wrapper.application; includeInIndex = 0; path = "ADAlertController-swift.app"; sourceTree = BUILT_PRODUCTS_DIR; };
		180FEFFE2682C3B100352621 /* AppDelegate.swift */ = {isa = PBXFileReference; lastKnownFileType = sourcecode.swift; path = AppDelegate.swift; sourceTree = "<group>"; };
		180FF0022682C3B100352621 /* ViewController.swift */ = {isa = PBXFileReference; lastKnownFileType = sourcecode.swift; path = ViewController.swift; sourceTree = "<group>"; };
		180FF0052682C3B100352621 /* Base */ = {isa = PBXFileReference; lastKnownFileType = file.storyboard; name = Base; path = Base.lproj/Main.storyboard; sourceTree = "<group>"; };
		180FF0072682C3B300352621 /* Assets.xcassets */ = {isa = PBXFileReference; lastKnownFileType = folder.assetcatalog; path = Assets.xcassets; sourceTree = "<group>"; };
		180FF00A2682C3B300352621 /* Base */ = {isa = PBXFileReference; lastKnownFileType = file.storyboard; name = Base; path = Base.lproj/LaunchScreen.storyboard; sourceTree = "<group>"; };
		180FF00C2682C3B300352621 /* Info.plist */ = {isa = PBXFileReference; lastKnownFileType = text.plist.xml; path = Info.plist; sourceTree = "<group>"; };
		180FF0112682C3B300352621 /* ADAlertController-swiftTests.xctest */ = {isa = PBXFileReference; explicitFileType = wrapper.cfbundle; includeInIndex = 0; path = "ADAlertController-swiftTests.xctest"; sourceTree = BUILT_PRODUCTS_DIR; };
		180FF0152682C3B300352621 /* ADAlertController_swiftTests.swift */ = {isa = PBXFileReference; lastKnownFileType = sourcecode.swift; path = ADAlertController_swiftTests.swift; sourceTree = "<group>"; };
		180FF0172682C3B300352621 /* Info.plist */ = {isa = PBXFileReference; lastKnownFileType = text.plist.xml; path = Info.plist; sourceTree = "<group>"; };
		180FF01C2682C3B400352621 /* ADAlertController-swiftUITests.xctest */ = {isa = PBXFileReference; explicitFileType = wrapper.cfbundle; includeInIndex = 0; path = "ADAlertController-swiftUITests.xctest"; sourceTree = BUILT_PRODUCTS_DIR; };
		180FF0202682C3B400352621 /* ADAlertController_swiftUITests.swift */ = {isa = PBXFileReference; lastKnownFileType = sourcecode.swift; path = ADAlertController_swiftUITests.swift; sourceTree = "<group>"; };
		180FF0222682C3B400352621 /* Info.plist */ = {isa = PBXFileReference; lastKnownFileType = text.plist.xml; path = Info.plist; sourceTree = "<group>"; };
		180FF0582682C67600352621 /* ADTabbarVC.swift */ = {isa = PBXFileReference; lastKnownFileType = sourcecode.swift; path = ADTabbarVC.swift; sourceTree = "<group>"; };
		180FF0602682CABB00352621 /* ADBaseTabBarVC.swift */ = {isa = PBXFileReference; lastKnownFileType = sourcecode.swift; path = ADBaseTabBarVC.swift; sourceTree = "<group>"; };
		180FF0652682CAE800352621 /* ADBaseVC.swift */ = {isa = PBXFileReference; lastKnownFileType = sourcecode.swift; path = ADBaseVC.swift; sourceTree = "<group>"; };
		180FF06B2682CCF300352621 /* ADFunctionTableVC.swift */ = {isa = PBXFileReference; lastKnownFileType = sourcecode.swift; path = ADFunctionTableVC.swift; sourceTree = "<group>"; };
		180FF0712682D46F00352621 /* ADClassVC.swift */ = {isa = PBXFileReference; lastKnownFileType = sourcecode.swift; path = ADClassVC.swift; sourceTree = "<group>"; };
		18909798268415AA0003D894 /* ADBaseNavVC.swift */ = {isa = PBXFileReference; lastKnownFileType = sourcecode.swift; path = ADBaseNavVC.swift; sourceTree = "<group>"; };
		1890979D268415BF0003D894 /* ADNavVC.swift */ = {isa = PBXFileReference; lastKnownFileType = sourcecode.swift; path = ADNavVC.swift; sourceTree = "<group>"; };
		189097A426841AA20003D894 /* ADBaseModel.swift */ = {isa = PBXFileReference; lastKnownFileType = sourcecode.swift; path = ADBaseModel.swift; sourceTree = "<group>"; };
		189097B126841C5B0003D894 /* ADFunctionModel.swift */ = {isa = PBXFileReference; lastKnownFileType = sourcecode.swift; path = ADFunctionModel.swift; sourceTree = "<group>"; };
		189097CD268470320003D894 /* ADBaseView.swift */ = {isa = PBXFileReference; lastKnownFileType = sourcecode.swift; path = ADBaseView.swift; sourceTree = "<group>"; };
		189097D2268470530003D894 /* ADBaseTableCell.swift */ = {isa = PBXFileReference; lastKnownFileType = sourcecode.swift; path = ADBaseTableCell.swift; sourceTree = "<group>"; };
		189097D7268470680003D894 /* ADFunctionTableCell.swift */ = {isa = PBXFileReference; lastKnownFileType = sourcecode.swift; path = ADFunctionTableCell.swift; sourceTree = "<group>"; };
		189097E726856A720003D894 /* ADAlertController.swift */ = {isa = PBXFileReference; lastKnownFileType = sourcecode.swift; path = ADAlertController.swift; sourceTree = "<group>"; };
		18AED9CF2685BBF100115D75 /* ADAlertControllerConfiguration.swift */ = {isa = PBXFileReference; lastKnownFileType = sourcecode.swift; path = ADAlertControllerConfiguration.swift; sourceTree = "<group>"; };
		18AED9D52685BC6800115D75 /* ADAlertWindow.swift */ = {isa = PBXFileReference; lastKnownFileType = sourcecode.swift; path = ADAlertWindow.swift; sourceTree = "<group>"; };
		18AED9DE2685BD3E00115D75 /* ADAlertAction.swift */ = {isa = PBXFileReference; lastKnownFileType = sourcecode.swift; path = ADAlertAction.swift; sourceTree = "<group>"; };
		18B4358A2696FDD4007826DB /* UIImage+ADImageExt.swift */ = {isa = PBXFileReference; lastKnownFileType = sourcecode.swift; path = "UIImage+ADImageExt.swift"; sourceTree = "<group>"; };
		18B43592269704F5007826DB /* UIViewController+ADViewControllerExt.swift */ = {isa = PBXFileReference; lastKnownFileType = sourcecode.swift; path = "UIViewController+ADViewControllerExt.swift"; sourceTree = "<group>"; };
		18B435A0269711C3007826DB /* ADAlertViewConst.swift */ = {isa = PBXFileReference; lastKnownFileType = sourcecode.swift; path = ADAlertViewConst.swift; sourceTree = "<group>"; };
		18B435A52697144A007826DB /* UIImage+ADButtonExt.swift */ = {isa = PBXFileReference; lastKnownFileType = sourcecode.swift; path = "UIImage+ADButtonExt.swift"; sourceTree = "<group>"; };
		18D6E5B62689ABDB00B37ACF /* ADAlertControllerConst.swift */ = {isa = PBXFileReference; lastKnownFileType = sourcecode.swift; path = ADAlertControllerConst.swift; sourceTree = "<group>"; };
		18E17C03268AC343002ED7DC /* ADAlertActionConfiguration.swift */ = {isa = PBXFileReference; lastKnownFileType = sourcecode.swift; path = ADAlertActionConfiguration.swift; sourceTree = "<group>"; };
		1A80707300ED99A7086093BD /* Pods_ADAlertController_swift.framework */ = {isa = PBXFileReference; explicitFileType = wrapper.framework; includeInIndex = 0; path = Pods_ADAlertController_swift.framework; sourceTree = BUILT_PRODUCTS_DIR; };
		7C16C552A874BA8F39477430 /* Pods-ADAlertController-swift.release.xcconfig */ = {isa = PBXFileReference; includeInIndex = 1; lastKnownFileType = text.xcconfig; name = "Pods-ADAlertController-swift.release.xcconfig"; path = "Target Support Files/Pods-ADAlertController-swift/Pods-ADAlertController-swift.release.xcconfig"; sourceTree = "<group>"; };
		F90FEB18EE34632940D470E1 /* Pods-ADAlertController-swift.debug.xcconfig */ = {isa = PBXFileReference; includeInIndex = 1; lastKnownFileType = text.xcconfig; name = "Pods-ADAlertController-swift.debug.xcconfig"; path = "Target Support Files/Pods-ADAlertController-swift/Pods-ADAlertController-swift.debug.xcconfig"; sourceTree = "<group>"; };
/* End PBXFileReference section */

/* Begin PBXFrameworksBuildPhase section */
		180FEFF82682C3B100352621 /* Frameworks */ = {
			isa = PBXFrameworksBuildPhase;
			buildActionMask = 2147483647;
			files = (
				396B03EA3CFC4BD0F38B41C2 /* Pods_ADAlertController_swift.framework in Frameworks */,
			);
			runOnlyForDeploymentPostprocessing = 0;
		};
		180FF00E2682C3B300352621 /* Frameworks */ = {
			isa = PBXFrameworksBuildPhase;
			buildActionMask = 2147483647;
			files = (
			);
			runOnlyForDeploymentPostprocessing = 0;
		};
		180FF0192682C3B400352621 /* Frameworks */ = {
			isa = PBXFrameworksBuildPhase;
			buildActionMask = 2147483647;
			files = (
			);
			runOnlyForDeploymentPostprocessing = 0;
		};
/* End PBXFrameworksBuildPhase section */

/* Begin PBXGroup section */
		18055EE9268EC26000A0B667 /* Transition */ = {
			isa = PBXGroup;
			children = (
			);
			path = Transition;
			sourceTree = "<group>";
		};
		18055EEA268EC26000A0B667 /* View */ = {
			isa = PBXGroup;
			children = (
				18055EEE268EC26000A0B667 /* Toolview */,
			);
			path = View;
			sourceTree = "<group>";
		};
		18055EEE268EC26000A0B667 /* Toolview */ = {
			isa = PBXGroup;
			children = (
			);
			path = Toolview;
			sourceTree = "<group>";
		};
		18055EFB268EC27400A0B667 /* funcCategory */ = {
			isa = PBXGroup;
			children = (
			);
			path = funcCategory;
			sourceTree = "<group>";
		};
		180FEFF22682C3B100352621 = {
			isa = PBXGroup;
			children = (
				189097E626856A420003D894 /* ADAlertControllerKit */,
				186179DE2697E5850095A3D0 /* Example */,
				5A151FB12B9D9C263AB97548 /* Pods */,
				3726BF3FEB7B9EAE4914693F /* Frameworks */,
			);
			sourceTree = "<group>";
		};
		180FEFFC2682C3B100352621 /* Products */ = {
			isa = PBXGroup;
			children = (
				180FEFFB2682C3B100352621 /* ADAlertController-swift.app */,
				180FF0112682C3B300352621 /* ADAlertController-swiftTests.xctest */,
				180FF01C2682C3B400352621 /* ADAlertController-swiftUITests.xctest */,
			);
			name = Products;
			path = ..;
			sourceTree = "<group>";
		};
		180FEFFD2682C3B100352621 /* ADAlertController-swift */ = {
			isa = PBXGroup;
			children = (
				180FF0452682C4D500352621 /* Main */,
				180FF0442682C4A400352621 /* Work */,
			);
			path = "ADAlertController-swift";
			sourceTree = "<group>";
		};
		180FF0142682C3B300352621 /* ADAlertController-swiftTests */ = {
			isa = PBXGroup;
			children = (
				180FF0152682C3B300352621 /* ADAlertController_swiftTests.swift */,
				180FF0172682C3B300352621 /* Info.plist */,
			);
			path = "ADAlertController-swiftTests";
			sourceTree = "<group>";
		};
		180FF01F2682C3B400352621 /* ADAlertController-swiftUITests */ = {
			isa = PBXGroup;
			children = (
				180FF0202682C3B400352621 /* ADAlertController_swiftUITests.swift */,
				180FF0222682C3B400352621 /* Info.plist */,
			);
			path = "ADAlertController-swiftUITests";
			sourceTree = "<group>";
		};
		180FF0312682C43000352621 /* NavAndTab */ = {
			isa = PBXGroup;
			children = (
				180FF0582682C67600352621 /* ADTabbarVC.swift */,
				1890979D268415BF0003D894 /* ADNavVC.swift */,
			);
			path = NavAndTab;
			sourceTree = "<group>";
		};
		180FF0442682C4A400352621 /* Work */ = {
			isa = PBXGroup;
			children = (
				180FF0702682D45900352621 /* ClassVC */,
				180FF06A2682CB0100352621 /* Function */,
				180FF04F2682C5FD00352621 /* Base */,
				180FF0312682C43000352621 /* NavAndTab */,
			);
			path = Work;
			sourceTree = "<group>";
		};
		180FF0452682C4D500352621 /* Main */ = {
			isa = PBXGroup;
			children = (
				180FEFFE2682C3B100352621 /* AppDelegate.swift */,
				180FF0022682C3B100352621 /* ViewController.swift */,
				180FF0042682C3B100352621 /* Main.storyboard */,
				180FF0072682C3B300352621 /* Assets.xcassets */,
				180FF0092682C3B300352621 /* LaunchScreen.storyboard */,
				180FF00C2682C3B300352621 /* Info.plist */,
			);
			path = Main;
			sourceTree = "<group>";
		};
		180FF04F2682C5FD00352621 /* Base */ = {
			isa = PBXGroup;
			children = (
				180FF0602682CABB00352621 /* ADBaseTabBarVC.swift */,
				180FF0652682CAE800352621 /* ADBaseVC.swift */,
				18909798268415AA0003D894 /* ADBaseNavVC.swift */,
				189097A426841AA20003D894 /* ADBaseModel.swift */,
				189097CD268470320003D894 /* ADBaseView.swift */,
				189097D2268470530003D894 /* ADBaseTableCell.swift */,
			);
			path = Base;
			sourceTree = "<group>";
		};
		180FF06A2682CB0100352621 /* Function */ = {
			isa = PBXGroup;
			children = (
				189097C7268470110003D894 /* View */,
				189097A226841A7A0003D894 /* Model */,
				189097A326841A7A0003D894 /* VC */,
			);
			path = Function;
			sourceTree = "<group>";
		};
		180FF0702682D45900352621 /* ClassVC */ = {
			isa = PBXGroup;
			children = (
				180FF0712682D46F00352621 /* ADClassVC.swift */,
			);
			path = ClassVC;
			sourceTree = "<group>";
		};
		186179DE2697E5850095A3D0 /* Example */ = {
			isa = PBXGroup;
			children = (
				180FEFFD2682C3B100352621 /* ADAlertController-swift */,
				180FF0142682C3B300352621 /* ADAlertController-swiftTests */,
				180FF01F2682C3B400352621 /* ADAlertController-swiftUITests */,
				180FEFFC2682C3B100352621 /* Products */,
			);
			path = Example;
			sourceTree = SOURCE_ROOT;
		};
		189097A226841A7A0003D894 /* Model */ = {
			isa = PBXGroup;
			children = (
				189097B126841C5B0003D894 /* ADFunctionModel.swift */,
			);
			path = Model;
			sourceTree = "<group>";
		};
		189097A326841A7A0003D894 /* VC */ = {
			isa = PBXGroup;
			children = (
				180FF06B2682CCF300352621 /* ADFunctionTableVC.swift */,
			);
			path = VC;
			sourceTree = "<group>";
		};
		189097C7268470110003D894 /* View */ = {
			isa = PBXGroup;
			children = (
				189097D7268470680003D894 /* ADFunctionTableCell.swift */,
			);
			path = View;
			sourceTree = "<group>";
		};
		189097E626856A420003D894 /* ADAlertControllerKit */ = {
			isa = PBXGroup;
			children = (
				18B4358A2696FDD4007826DB /* UIImage+ADImageExt.swift */,
				18B43592269704F5007826DB /* UIViewController+ADViewControllerExt.swift */,
				18B435A52697144A007826DB /* UIImage+ADButtonExt.swift */,
				18AED9DE2685BD3E00115D75 /* ADAlertAction.swift */,
				18055ED1268EBE6D00A0B667 /* ADAlertGroupAction.swift */,
				18055ED6268EBE8200A0B667 /* ADScrollableGroupAction.swift */,
				18055F332692DF0700A0B667 /* ADAlertController+TransitioningDelegate.swift */,
				18055F1B268EC36500A0B667 /* ADAlertControllerPresentationController.swift */,
				18055F20268EC37300A0B667 /* ADAlertControllerTransitionConst.swift */,
				18055F11268EC35300A0B667 /* ADAlertViewAlertStyleTransition.swift */,
				18055F16268EC35B00A0B667 /* ADAlertViewSheetStyleTransition.swift */,
				18055F25268EC37B00A0B667 /* ADAlertViewAlertStyleTransitionProtocol.swift */,
				18055EEB268EC26000A0B667 /* ADActionSheetView.swift */,
				18055EEC268EC26000A0B667 /* ADAlertView.swift */,
				18055EED268EC26000A0B667 /* ADAlertControllerViewProtocol.swift */,
				18B435A0269711C3007826DB /* ADAlertViewConst.swift */,
				18055EEF268EC26000A0B667 /* ADAlertTitleLabel.swift */,
				18055EF0268EC26000A0B667 /* ADAlertButton.swift */,
				18055EF1268EC26000A0B667 /* ADAlertTextView.swift */,
				18AED9D52685BC6800115D75 /* ADAlertWindow.swift */,
				18055F2B2692C01C00A0B667 /* ADAlertTransitioningDelegate.swift */,
				189097E726856A720003D894 /* ADAlertController.swift */,
				18055EC7268EBE0700A0B667 /* ADAlertControllerPriorityQueue.swift */,
				18AED9CF2685BBF100115D75 /* ADAlertControllerConfiguration.swift */,
				18D6E5B62689ABDB00B37ACF /* ADAlertControllerConst.swift */,
				18E17C03268AC343002ED7DC /* ADAlertActionConfiguration.swift */,
				18AED9DD2685BD3400115D75 /* ADAlertAction */,
				18AED9D42685BC4B00115D75 /* Private */,
			);
			path = ADAlertControllerKit;
			sourceTree = "<group>";
		};
		18AED9D42685BC4B00115D75 /* Private */ = {
			isa = PBXGroup;
			children = (
				18055EFB268EC27400A0B667 /* funcCategory */,
				18055EE9268EC26000A0B667 /* Transition */,
				18055EEA268EC26000A0B667 /* View */,
			);
			path = Private;
			sourceTree = "<group>";
		};
		18AED9DD2685BD3400115D75 /* ADAlertAction */ = {
			isa = PBXGroup;
			children = (
				18B435812696FD3B007826DB /* toolCategory */,
			);
			path = ADAlertAction;
			sourceTree = "<group>";
		};
		18B435812696FD3B007826DB /* toolCategory */ = {
			isa = PBXGroup;
			children = (
			);
			path = toolCategory;
			sourceTree = "<group>";
		};
		3726BF3FEB7B9EAE4914693F /* Frameworks */ = {
			isa = PBXGroup;
			children = (
				1A80707300ED99A7086093BD /* Pods_ADAlertController_swift.framework */,
			);
			name = Frameworks;
			sourceTree = "<group>";
		};
		5A151FB12B9D9C263AB97548 /* Pods */ = {
			isa = PBXGroup;
			children = (
				F90FEB18EE34632940D470E1 /* Pods-ADAlertController-swift.debug.xcconfig */,
				7C16C552A874BA8F39477430 /* Pods-ADAlertController-swift.release.xcconfig */,
			);
			path = Pods;
			sourceTree = "<group>";
		};
/* End PBXGroup section */

/* Begin PBXNativeTarget section */
		180FEFFA2682C3B100352621 /* ADAlertController-swift */ = {
			isa = PBXNativeTarget;
			buildConfigurationList = 180FF0252682C3B400352621 /* Build configuration list for PBXNativeTarget "ADAlertController-swift" */;
			buildPhases = (
				AD23248E71BA3E67206E7EBE /* [CP] Check Pods Manifest.lock */,
				180FEFF72682C3B100352621 /* Sources */,
				180FEFF82682C3B100352621 /* Frameworks */,
				180FEFF92682C3B100352621 /* Resources */,
				20928E4ED19B18EF36FDF544 /* [CP] Embed Pods Frameworks */,
			);
			buildRules = (
			);
			dependencies = (
			);
			name = "ADAlertController-swift";
			productName = "ADAlertController-swift";
			productReference = 180FEFFB2682C3B100352621 /* ADAlertController-swift.app */;
			productType = "com.apple.product-type.application";
		};
		180FF0102682C3B300352621 /* ADAlertController-swiftTests */ = {
			isa = PBXNativeTarget;
			buildConfigurationList = 180FF0282682C3B400352621 /* Build configuration list for PBXNativeTarget "ADAlertController-swiftTests" */;
			buildPhases = (
				180FF00D2682C3B300352621 /* Sources */,
				180FF00E2682C3B300352621 /* Frameworks */,
				180FF00F2682C3B300352621 /* Resources */,
			);
			buildRules = (
			);
			dependencies = (
				180FF0132682C3B300352621 /* PBXTargetDependency */,
			);
			name = "ADAlertController-swiftTests";
			productName = "ADAlertController-swiftTests";
			productReference = 180FF0112682C3B300352621 /* ADAlertController-swiftTests.xctest */;
			productType = "com.apple.product-type.bundle.unit-test";
		};
		180FF01B2682C3B400352621 /* ADAlertController-swiftUITests */ = {
			isa = PBXNativeTarget;
			buildConfigurationList = 180FF02B2682C3B400352621 /* Build configuration list for PBXNativeTarget "ADAlertController-swiftUITests" */;
			buildPhases = (
				180FF0182682C3B400352621 /* Sources */,
				180FF0192682C3B400352621 /* Frameworks */,
				180FF01A2682C3B400352621 /* Resources */,
			);
			buildRules = (
			);
			dependencies = (
				180FF01E2682C3B400352621 /* PBXTargetDependency */,
			);
			name = "ADAlertController-swiftUITests";
			productName = "ADAlertController-swiftUITests";
			productReference = 180FF01C2682C3B400352621 /* ADAlertController-swiftUITests.xctest */;
			productType = "com.apple.product-type.bundle.ui-testing";
		};
/* End PBXNativeTarget section */

/* Begin PBXProject section */
		180FEFF32682C3B100352621 /* Project object */ = {
			isa = PBXProject;
			attributes = {
				LastSwiftUpdateCheck = 1240;
				LastUpgradeCheck = 1240;
				TargetAttributes = {
					180FEFFA2682C3B100352621 = {
						CreatedOnToolsVersion = 12.4;
					};
					180FF0102682C3B300352621 = {
						CreatedOnToolsVersion = 12.4;
						TestTargetID = 180FEFFA2682C3B100352621;
					};
					180FF01B2682C3B400352621 = {
						CreatedOnToolsVersion = 12.4;
						TestTargetID = 180FEFFA2682C3B100352621;
					};
				};
			};
			buildConfigurationList = 180FEFF62682C3B100352621 /* Build configuration list for PBXProject "ADAlertController-swift" */;
			compatibilityVersion = "Xcode 9.3";
			developmentRegion = en;
			hasScannedForEncodings = 0;
			knownRegions = (
				en,
				Base,
			);
			mainGroup = 180FEFF22682C3B100352621;
			productRefGroup = 180FEFFC2682C3B100352621 /* Products */;
			projectDirPath = "";
			projectRoot = "";
			targets = (
				180FEFFA2682C3B100352621 /* ADAlertController-swift */,
				180FF0102682C3B300352621 /* ADAlertController-swiftTests */,
				180FF01B2682C3B400352621 /* ADAlertController-swiftUITests */,
			);
		};
/* End PBXProject section */

/* Begin PBXResourcesBuildPhase section */
		180FEFF92682C3B100352621 /* Resources */ = {
			isa = PBXResourcesBuildPhase;
			buildActionMask = 2147483647;
			files = (
				180FF00B2682C3B300352621 /* LaunchScreen.storyboard in Resources */,
				180FF0082682C3B300352621 /* Assets.xcassets in Resources */,
				180FF0062682C3B100352621 /* Main.storyboard in Resources */,
			);
			runOnlyForDeploymentPostprocessing = 0;
		};
		180FF00F2682C3B300352621 /* Resources */ = {
			isa = PBXResourcesBuildPhase;
			buildActionMask = 2147483647;
			files = (
			);
			runOnlyForDeploymentPostprocessing = 0;
		};
		180FF01A2682C3B400352621 /* Resources */ = {
			isa = PBXResourcesBuildPhase;
			buildActionMask = 2147483647;
			files = (
			);
			runOnlyForDeploymentPostprocessing = 0;
		};
/* End PBXResourcesBuildPhase section */

/* Begin PBXShellScriptBuildPhase section */
		20928E4ED19B18EF36FDF544 /* [CP] Embed Pods Frameworks */ = {
			isa = PBXShellScriptBuildPhase;
			buildActionMask = 2147483647;
			files = (
			);
			inputFileListPaths = (
				"${PODS_ROOT}/Target Support Files/Pods-ADAlertController-swift/Pods-ADAlertController-swift-frameworks-${CONFIGURATION}-input-files.xcfilelist",
			);
			name = "[CP] Embed Pods Frameworks";
			outputFileListPaths = (
				"${PODS_ROOT}/Target Support Files/Pods-ADAlertController-swift/Pods-ADAlertController-swift-frameworks-${CONFIGURATION}-output-files.xcfilelist",
			);
			runOnlyForDeploymentPostprocessing = 0;
			shellPath = /bin/sh;
			shellScript = "\"${PODS_ROOT}/Target Support Files/Pods-ADAlertController-swift/Pods-ADAlertController-swift-frameworks.sh\"\n";
			showEnvVarsInLog = 0;
		};
		AD23248E71BA3E67206E7EBE /* [CP] Check Pods Manifest.lock */ = {
			isa = PBXShellScriptBuildPhase;
			buildActionMask = 2147483647;
			files = (
			);
			inputFileListPaths = (
			);
			inputPaths = (
				"${PODS_PODFILE_DIR_PATH}/Podfile.lock",
				"${PODS_ROOT}/Manifest.lock",
			);
			name = "[CP] Check Pods Manifest.lock";
			outputFileListPaths = (
			);
			outputPaths = (
				"$(DERIVED_FILE_DIR)/Pods-ADAlertController-swift-checkManifestLockResult.txt",
			);
			runOnlyForDeploymentPostprocessing = 0;
			shellPath = /bin/sh;
			shellScript = "diff \"${PODS_PODFILE_DIR_PATH}/Podfile.lock\" \"${PODS_ROOT}/Manifest.lock\" > /dev/null\nif [ $? != 0 ] ; then\n    # print error to STDERR\n    echo \"error: The sandbox is not in sync with the Podfile.lock. Run 'pod install' or update your CocoaPods installation.\" >&2\n    exit 1\nfi\n# This output is used by Xcode 'outputs' to avoid re-running this script phase.\necho \"SUCCESS\" > \"${SCRIPT_OUTPUT_FILE_0}\"\n";
			showEnvVarsInLog = 0;
		};
/* End PBXShellScriptBuildPhase section */

/* Begin PBXSourcesBuildPhase section */
		180FEFF72682C3B100352621 /* Sources */ = {
			isa = PBXSourcesBuildPhase;
			buildActionMask = 2147483647;
			files = (
				18055F21268EC37300A0B667 /* ADAlertControllerTransitionConst.swift in Sources */,
				18055F17268EC35B00A0B667 /* ADAlertViewSheetStyleTransition.swift in Sources */,
				18055F1C268EC36500A0B667 /* ADAlertControllerPresentationController.swift in Sources */,
				18055ED7268EBE8200A0B667 /* ADScrollableGroupAction.swift in Sources */,
				18B43593269704F5007826DB /* UIViewController+ADViewControllerExt.swift in Sources */,
				18055F342692DF0700A0B667 /* ADAlertController+TransitioningDelegate.swift in Sources */,
				18055EF7268EC26000A0B667 /* ADAlertTextView.swift in Sources */,
				189097B226841C5B0003D894 /* ADFunctionModel.swift in Sources */,
				18B4358B2696FDD4007826DB /* UIImage+ADImageExt.swift in Sources */,
				180FF06C2682CCF300352621 /* ADFunctionTableVC.swift in Sources */,
				18055F2C2692C01C00A0B667 /* ADAlertTransitioningDelegate.swift in Sources */,
				180FF0722682D46F00352621 /* ADClassVC.swift in Sources */,
				18909799268415AA0003D894 /* ADBaseNavVC.swift in Sources */,
				18E17C04268AC343002ED7DC /* ADAlertActionConfiguration.swift in Sources */,
				189097E826856A720003D894 /* ADAlertController.swift in Sources */,
				18055EF2268EC26000A0B667 /* ADActionSheetView.swift in Sources */,
				180FF0612682CABB00352621 /* ADBaseTabBarVC.swift in Sources */,
				180FF0662682CAE800352621 /* ADBaseVC.swift in Sources */,
				1890979E268415BF0003D894 /* ADNavVC.swift in Sources */,
				18055EF4268EC26000A0B667 /* ADAlertControllerViewProtocol.swift in Sources */,
				18055EF3268EC26000A0B667 /* ADAlertView.swift in Sources */,
				18AED9D02685BBF100115D75 /* ADAlertControllerConfiguration.swift in Sources */,
				18AED9DF2685BD3E00115D75 /* ADAlertAction.swift in Sources */,
				18055EF5268EC26000A0B667 /* ADAlertTitleLabel.swift in Sources */,
				189097CE268470320003D894 /* ADBaseView.swift in Sources */,
				18055EF6268EC26000A0B667 /* ADAlertButton.swift in Sources */,
				180FF0032682C3B100352621 /* ViewController.swift in Sources */,
				189097D3268470530003D894 /* ADBaseTableCell.swift in Sources */,
				180FF0592682C67600352621 /* ADTabbarVC.swift in Sources */,
				189097D8268470680003D894 /* ADFunctionTableCell.swift in Sources */,
				18055F26268EC37B00A0B667 /* ADAlertViewAlertStyleTransitionProtocol.swift in Sources */,
				18B435A1269711C3007826DB /* ADAlertViewConst.swift in Sources */,
				18AED9D62685BC6800115D75 /* ADAlertWindow.swift in Sources */,
				18055ED2268EBE6D00A0B667 /* ADAlertGroupAction.swift in Sources */,
				18055EC8268EBE0700A0B667 /* ADAlertControllerPriorityQueue.swift in Sources */,
				180FEFFF2682C3B100352621 /* AppDelegate.swift in Sources */,
				18D6E5B72689ABDB00B37ACF /* ADAlertControllerConst.swift in Sources */,
				189097A526841AA20003D894 /* ADBaseModel.swift in Sources */,
				18055F12268EC35300A0B667 /* ADAlertViewAlertStyleTransition.swift in Sources */,
				18B435A62697144A007826DB /* UIImage+ADButtonExt.swift in Sources */,
			);
			runOnlyForDeploymentPostprocessing = 0;
		};
		180FF00D2682C3B300352621 /* Sources */ = {
			isa = PBXSourcesBuildPhase;
			buildActionMask = 2147483647;
			files = (
				180FF0162682C3B300352621 /* ADAlertController_swiftTests.swift in Sources */,
			);
			runOnlyForDeploymentPostprocessing = 0;
		};
		180FF0182682C3B400352621 /* Sources */ = {
			isa = PBXSourcesBuildPhase;
			buildActionMask = 2147483647;
			files = (
				180FF0212682C3B400352621 /* ADAlertController_swiftUITests.swift in Sources */,
			);
			runOnlyForDeploymentPostprocessing = 0;
		};
/* End PBXSourcesBuildPhase section */

/* Begin PBXTargetDependency section */
		180FF0132682C3B300352621 /* PBXTargetDependency */ = {
			isa = PBXTargetDependency;
			target = 180FEFFA2682C3B100352621 /* ADAlertController-swift */;
			targetProxy = 180FF0122682C3B300352621 /* PBXContainerItemProxy */;
		};
		180FF01E2682C3B400352621 /* PBXTargetDependency */ = {
			isa = PBXTargetDependency;
			target = 180FEFFA2682C3B100352621 /* ADAlertController-swift */;
			targetProxy = 180FF01D2682C3B400352621 /* PBXContainerItemProxy */;
		};
/* End PBXTargetDependency section */

/* Begin PBXVariantGroup section */
		180FF0042682C3B100352621 /* Main.storyboard */ = {
			isa = PBXVariantGroup;
			children = (
				180FF0052682C3B100352621 /* Base */,
			);
			name = Main.storyboard;
			sourceTree = "<group>";
		};
		180FF0092682C3B300352621 /* LaunchScreen.storyboard */ = {
			isa = PBXVariantGroup;
			children = (
				180FF00A2682C3B300352621 /* Base */,
			);
			name = LaunchScreen.storyboard;
			sourceTree = "<group>";
		};
/* End PBXVariantGroup section */

/* Begin XCBuildConfiguration section */
		180FF0232682C3B400352621 /* Debug */ = {
			isa = XCBuildConfiguration;
			buildSettings = {
				ALWAYS_SEARCH_USER_PATHS = NO;
				CLANG_ANALYZER_NONNULL = YES;
				CLANG_ANALYZER_NUMBER_OBJECT_CONVERSION = YES_AGGRESSIVE;
				CLANG_CXX_LANGUAGE_STANDARD = "gnu++14";
				CLANG_CXX_LIBRARY = "libc++";
				CLANG_ENABLE_MODULES = YES;
				CLANG_ENABLE_OBJC_ARC = YES;
				CLANG_ENABLE_OBJC_WEAK = YES;
				CLANG_WARN_BLOCK_CAPTURE_AUTORELEASING = YES;
				CLANG_WARN_BOOL_CONVERSION = YES;
				CLANG_WARN_COMMA = YES;
				CLANG_WARN_CONSTANT_CONVERSION = YES;
				CLANG_WARN_DEPRECATED_OBJC_IMPLEMENTATIONS = YES;
				CLANG_WARN_DIRECT_OBJC_ISA_USAGE = YES_ERROR;
				CLANG_WARN_DOCUMENTATION_COMMENTS = YES;
				CLANG_WARN_EMPTY_BODY = YES;
				CLANG_WARN_ENUM_CONVERSION = YES;
				CLANG_WARN_INFINITE_RECURSION = YES;
				CLANG_WARN_INT_CONVERSION = YES;
				CLANG_WARN_NON_LITERAL_NULL_CONVERSION = YES;
				CLANG_WARN_OBJC_IMPLICIT_RETAIN_SELF = YES;
				CLANG_WARN_OBJC_LITERAL_CONVERSION = YES;
				CLANG_WARN_OBJC_ROOT_CLASS = YES_ERROR;
				CLANG_WARN_QUOTED_INCLUDE_IN_FRAMEWORK_HEADER = YES;
				CLANG_WARN_RANGE_LOOP_ANALYSIS = YES;
				CLANG_WARN_STRICT_PROTOTYPES = YES;
				CLANG_WARN_SUSPICIOUS_MOVE = YES;
				CLANG_WARN_UNGUARDED_AVAILABILITY = YES_AGGRESSIVE;
				CLANG_WARN_UNREACHABLE_CODE = YES;
				CLANG_WARN__DUPLICATE_METHOD_MATCH = YES;
				COPY_PHASE_STRIP = NO;
				DEBUG_INFORMATION_FORMAT = dwarf;
				ENABLE_STRICT_OBJC_MSGSEND = YES;
				ENABLE_TESTABILITY = YES;
				GCC_C_LANGUAGE_STANDARD = gnu11;
				GCC_DYNAMIC_NO_PIC = NO;
				GCC_NO_COMMON_BLOCKS = YES;
				GCC_OPTIMIZATION_LEVEL = 0;
				GCC_PREPROCESSOR_DEFINITIONS = (
					"DEBUG=1",
					"$(inherited)",
				);
				GCC_WARN_64_TO_32_BIT_CONVERSION = YES;
				GCC_WARN_ABOUT_RETURN_TYPE = YES_ERROR;
				GCC_WARN_UNDECLARED_SELECTOR = YES;
				GCC_WARN_UNINITIALIZED_AUTOS = YES_AGGRESSIVE;
				GCC_WARN_UNUSED_FUNCTION = YES;
				GCC_WARN_UNUSED_VARIABLE = YES;
				IPHONEOS_DEPLOYMENT_TARGET = 9.0;
				MTL_ENABLE_DEBUG_INFO = INCLUDE_SOURCE;
				MTL_FAST_MATH = YES;
				ONLY_ACTIVE_ARCH = YES;
				SDKROOT = iphoneos;
				SWIFT_ACTIVE_COMPILATION_CONDITIONS = DEBUG;
				SWIFT_OPTIMIZATION_LEVEL = "-Onone";
			};
			name = Debug;
		};
		180FF0242682C3B400352621 /* Release */ = {
			isa = XCBuildConfiguration;
			buildSettings = {
				ALWAYS_SEARCH_USER_PATHS = NO;
				CLANG_ANALYZER_NONNULL = YES;
				CLANG_ANALYZER_NUMBER_OBJECT_CONVERSION = YES_AGGRESSIVE;
				CLANG_CXX_LANGUAGE_STANDARD = "gnu++14";
				CLANG_CXX_LIBRARY = "libc++";
				CLANG_ENABLE_MODULES = YES;
				CLANG_ENABLE_OBJC_ARC = YES;
				CLANG_ENABLE_OBJC_WEAK = YES;
				CLANG_WARN_BLOCK_CAPTURE_AUTORELEASING = YES;
				CLANG_WARN_BOOL_CONVERSION = YES;
				CLANG_WARN_COMMA = YES;
				CLANG_WARN_CONSTANT_CONVERSION = YES;
				CLANG_WARN_DEPRECATED_OBJC_IMPLEMENTATIONS = YES;
				CLANG_WARN_DIRECT_OBJC_ISA_USAGE = YES_ERROR;
				CLANG_WARN_DOCUMENTATION_COMMENTS = YES;
				CLANG_WARN_EMPTY_BODY = YES;
				CLANG_WARN_ENUM_CONVERSION = YES;
				CLANG_WARN_INFINITE_RECURSION = YES;
				CLANG_WARN_INT_CONVERSION = YES;
				CLANG_WARN_NON_LITERAL_NULL_CONVERSION = YES;
				CLANG_WARN_OBJC_IMPLICIT_RETAIN_SELF = YES;
				CLANG_WARN_OBJC_LITERAL_CONVERSION = YES;
				CLANG_WARN_OBJC_ROOT_CLASS = YES_ERROR;
				CLANG_WARN_QUOTED_INCLUDE_IN_FRAMEWORK_HEADER = YES;
				CLANG_WARN_RANGE_LOOP_ANALYSIS = YES;
				CLANG_WARN_STRICT_PROTOTYPES = YES;
				CLANG_WARN_SUSPICIOUS_MOVE = YES;
				CLANG_WARN_UNGUARDED_AVAILABILITY = YES_AGGRESSIVE;
				CLANG_WARN_UNREACHABLE_CODE = YES;
				CLANG_WARN__DUPLICATE_METHOD_MATCH = YES;
				COPY_PHASE_STRIP = NO;
				DEBUG_INFORMATION_FORMAT = "dwarf-with-dsym";
				ENABLE_NS_ASSERTIONS = NO;
				ENABLE_STRICT_OBJC_MSGSEND = YES;
				GCC_C_LANGUAGE_STANDARD = gnu11;
				GCC_NO_COMMON_BLOCKS = YES;
				GCC_WARN_64_TO_32_BIT_CONVERSION = YES;
				GCC_WARN_ABOUT_RETURN_TYPE = YES_ERROR;
				GCC_WARN_UNDECLARED_SELECTOR = YES;
				GCC_WARN_UNINITIALIZED_AUTOS = YES_AGGRESSIVE;
				GCC_WARN_UNUSED_FUNCTION = YES;
				GCC_WARN_UNUSED_VARIABLE = YES;
				IPHONEOS_DEPLOYMENT_TARGET = 9.0;
				MTL_ENABLE_DEBUG_INFO = NO;
				MTL_FAST_MATH = YES;
				SDKROOT = iphoneos;
				SWIFT_COMPILATION_MODE = wholemodule;
				SWIFT_OPTIMIZATION_LEVEL = "-O";
				VALIDATE_PRODUCT = YES;
			};
			name = Release;
		};
		180FF0262682C3B400352621 /* Debug */ = {
			isa = XCBuildConfiguration;
			baseConfigurationReference = F90FEB18EE34632940D470E1 /* Pods-ADAlertController-swift.debug.xcconfig */;
			buildSettings = {
				ASSETCATALOG_COMPILER_APPICON_NAME = AppIcon;
				ASSETCATALOG_COMPILER_GLOBAL_ACCENT_COLOR_NAME = AccentColor;
				CODE_SIGN_STYLE = Automatic;
				INFOPLIST_FILE = "Example/ADAlertController-swift/Main/Info.plist";
				IPHONEOS_DEPLOYMENT_TARGET = 12.1;
				LD_RUNPATH_SEARCH_PATHS = (
					"$(inherited)",
					"@executable_path/Frameworks",
				);
				PRODUCT_BUNDLE_IDENTIFIER = "yourks.Alert.ADAlertController-swift";
				PRODUCT_NAME = "$(TARGET_NAME)";
				SWIFT_VERSION = 5.0;
				TARGETED_DEVICE_FAMILY = "1,2";
			};
			name = Debug;
		};
		180FF0272682C3B400352621 /* Release */ = {
			isa = XCBuildConfiguration;
			baseConfigurationReference = 7C16C552A874BA8F39477430 /* Pods-ADAlertController-swift.release.xcconfig */;
			buildSettings = {
				ASSETCATALOG_COMPILER_APPICON_NAME = AppIcon;
				ASSETCATALOG_COMPILER_GLOBAL_ACCENT_COLOR_NAME = AccentColor;
				CODE_SIGN_STYLE = Automatic;
				INFOPLIST_FILE = "Example/ADAlertController-swift/Main/Info.plist";
				IPHONEOS_DEPLOYMENT_TARGET = 12.1;
				LD_RUNPATH_SEARCH_PATHS = (
					"$(inherited)",
					"@executable_path/Frameworks",
				);
				PRODUCT_BUNDLE_IDENTIFIER = "yourks.Alert.ADAlertController-swift";
				PRODUCT_NAME = "$(TARGET_NAME)";
				SWIFT_VERSION = 5.0;
				TARGETED_DEVICE_FAMILY = "1,2";
			};
			name = Release;
		};
		180FF0292682C3B400352621 /* Debug */ = {
			isa = XCBuildConfiguration;
			buildSettings = {
				ALWAYS_EMBED_SWIFT_STANDARD_LIBRARIES = YES;
				BUNDLE_LOADER = "$(TEST_HOST)";
				CODE_SIGN_STYLE = Automatic;
				INFOPLIST_FILE = "Example/ADAlertController-swiftTests/Info.plist";
				IPHONEOS_DEPLOYMENT_TARGET = 14.4;
				LD_RUNPATH_SEARCH_PATHS = (
					"$(inherited)",
					"@executable_path/Frameworks",
					"@loader_path/Frameworks",
				);
				PRODUCT_BUNDLE_IDENTIFIER = "yourks.Alert.ADAlertController-swiftTests";
				PRODUCT_NAME = "$(TARGET_NAME)";
				SWIFT_VERSION = 5.0;
				TARGETED_DEVICE_FAMILY = "1,2";
				TEST_HOST = "$(BUILT_PRODUCTS_DIR)/ADAlertController-swift.app/ADAlertController-swift";
			};
			name = Debug;
		};
		180FF02A2682C3B400352621 /* Release */ = {
			isa = XCBuildConfiguration;
			buildSettings = {
				ALWAYS_EMBED_SWIFT_STANDARD_LIBRARIES = YES;
				BUNDLE_LOADER = "$(TEST_HOST)";
				CODE_SIGN_STYLE = Automatic;
				INFOPLIST_FILE = "Example/ADAlertController-swiftTests/Info.plist";
				IPHONEOS_DEPLOYMENT_TARGET = 14.4;
				LD_RUNPATH_SEARCH_PATHS = (
					"$(inherited)",
					"@executable_path/Frameworks",
					"@loader_path/Frameworks",
				);
				PRODUCT_BUNDLE_IDENTIFIER = "yourks.Alert.ADAlertController-swiftTests";
				PRODUCT_NAME = "$(TARGET_NAME)";
				SWIFT_VERSION = 5.0;
				TARGETED_DEVICE_FAMILY = "1,2";
				TEST_HOST = "$(BUILT_PRODUCTS_DIR)/ADAlertController-swift.app/ADAlertController-swift";
			};
			name = Release;
		};
		180FF02C2682C3B400352621 /* Debug */ = {
			isa = XCBuildConfiguration;
			buildSettings = {
				ALWAYS_EMBED_SWIFT_STANDARD_LIBRARIES = YES;
				CODE_SIGN_STYLE = Automatic;
				INFOPLIST_FILE = "Example/ADAlertController-swiftUITests/Info.plist";
				LD_RUNPATH_SEARCH_PATHS = (
					"$(inherited)",
					"@executable_path/Frameworks",
					"@loader_path/Frameworks",
				);
				PRODUCT_BUNDLE_IDENTIFIER = "yourks.Alert.ADAlertController-swiftUITests";
				PRODUCT_NAME = "$(TARGET_NAME)";
				SWIFT_VERSION = 5.0;
				TARGETED_DEVICE_FAMILY = "1,2";
				TEST_TARGET_NAME = "ADAlertController-swift";
			};
			name = Debug;
		};
		180FF02D2682C3B400352621 /* Release */ = {
			isa = XCBuildConfiguration;
			buildSettings = {
				ALWAYS_EMBED_SWIFT_STANDARD_LIBRARIES = YES;
				CODE_SIGN_STYLE = Automatic;
				INFOPLIST_FILE = "Example/ADAlertController-swiftUITests/Info.plist";
				LD_RUNPATH_SEARCH_PATHS = (
					"$(inherited)",
					"@executable_path/Frameworks",
					"@loader_path/Frameworks",
				);
				PRODUCT_BUNDLE_IDENTIFIER = "yourks.Alert.ADAlertController-swiftUITests";
				PRODUCT_NAME = "$(TARGET_NAME)";
				SWIFT_VERSION = 5.0;
				TARGETED_DEVICE_FAMILY = "1,2";
				TEST_TARGET_NAME = "ADAlertController-swift";
			};
			name = Release;
		};
/* End XCBuildConfiguration section */

/* Begin XCConfigurationList section */
		180FEFF62682C3B100352621 /* Build configuration list for PBXProject "ADAlertController-swift" */ = {
			isa = XCConfigurationList;
			buildConfigurations = (
				180FF0232682C3B400352621 /* Debug */,
				180FF0242682C3B400352621 /* Release */,
			);
			defaultConfigurationIsVisible = 0;
			defaultConfigurationName = Release;
		};
		180FF0252682C3B400352621 /* Build configuration list for PBXNativeTarget "ADAlertController-swift" */ = {
			isa = XCConfigurationList;
			buildConfigurations = (
				180FF0262682C3B400352621 /* Debug */,
				180FF0272682C3B400352621 /* Release */,
			);
			defaultConfigurationIsVisible = 0;
			defaultConfigurationName = Release;
		};
		180FF0282682C3B400352621 /* Build configuration list for PBXNativeTarget "ADAlertController-swiftTests" */ = {
			isa = XCConfigurationList;
			buildConfigurations = (
				180FF0292682C3B400352621 /* Debug */,
				180FF02A2682C3B400352621 /* Release */,
			);
			defaultConfigurationIsVisible = 0;
			defaultConfigurationName = Release;
		};
		180FF02B2682C3B400352621 /* Build configuration list for PBXNativeTarget "ADAlertController-swiftUITests" */ = {
			isa = XCConfigurationList;
			buildConfigurations = (
				180FF02C2682C3B400352621 /* Debug */,
				180FF02D2682C3B400352621 /* Release */,
			);
			defaultConfigurationIsVisible = 0;
			defaultConfigurationName = Release;
		};
/* End XCConfigurationList section */
	};
	rootObject = 180FEFF32682C3B100352621 /* Project object */;
}
